schema_version: "1.0"
standard_name: "xlib-standard"
standard_repo: "https://github.com/ZoneCNH/xlib-standard"
standard_version: "v0.4.19"
standard_commit: "4463a60"
module_name: "configx"
module_path: "github.com/ZoneCNH/configx"
package_name: "configx"
layer: "L1"
adoption_status: "partial"
adoption_check: "GOWORK=off make integration && GOWORK=off make contracts && GOWORK=off make boundary"
